{
  "version": 4,
  "terraform_version": "1.10.3",
  "serial": 11,
  "lineage": "31848488-ee7a-a377-99f1-504b4a1e73a1",
  "outputs": {},
  "resources": [
    {
      "mode": "managed",
      "type": "random_string",
      "name": "random",
      "provider": "provider[\"registry.terraform.io/hashicorp/random\"]",
      "instances": [
        {
          "schema_version": 2,
          "attributes": {
            "id": "gIhsuy",
            "keepers": {
              "ami_id": "project-e00psj7g0g3w9jkktk"
            },
            "length": 6,
            "lower": true,
            "min_lower": 0,
            "min_numeric": 0,
            "min_special": 0,
            "min_upper": 0,
            "number": true,
            "numeric": true,
            "override_special": null,
            "result": "gIhsuy",
            "special": false,
            "upper": true
          },
          "sensitive_attributes": []
        }
      ]
    }
  ],
  "check_results": [
    {
      "object_kind": "var",
      "config_addr": "var.ssh_public_key",
      "status": "pass",
      "objects": [
        {
          "object_addr": "var.ssh_public_key",
          "status": "pass"
        }
      ]
    },
    {
      "object_kind": "var",
      "config_addr": "module.o11y.var.o11y",
      "status": "unknown",
      "objects": [
        {
          "object_addr": "module.o11y.var.o11y",
          "status": "unknown"
        }
      ]
    }
  ]
}
